
Microsoft Visual Studio Solution File, Format Version 12.00
# Visual Studio Version 17
VisualStudioVersion = 17.14.36915.13 d17.14
MinimumVisualStudioVersion = 10.0.40219.1
Project("{8BC9CEB8-8B4A-11D0-8D11-00A0C91BC942}") = "blank", "blank.vcxproj", "{5D82663B-8F75-4E03-842B-813229F31907}"
EndProject
Global
	GlobalSection(SolutionConfigurationPlatforms) = preSolution
		Debug|x64 = Debug|x64
		Debug|x86 = Debug|x86
		Release|x64 = Release|x64
		Release|x86 = Release|x86
	EndGlobalSection
	GlobalSection(ProjectConfigurationPlatforms) = postSolution
		{5D82663B-8F75-4E03-842B-813229F31907}.Debug|x64.ActiveCfg = Debug|x64
		{5D82663B-8F75-4E03-842B-813229F31907}.Debug|x64.Build.0 = Debug|x64
		{5D82663B-8F75-4E03-842B-813229F31907}.Debug|x86.ActiveCfg = Debug|Win32
		{5D82663B-8F75-4E03-842B-813229F31907}.Debug|x86.Build.0 = Debug|Win32
		{5D82663B-8F75-4E03-842B-813229F31907}.Release|x64.ActiveCfg = Release|x64
		{5D82663B-8F75-4E03-842B-813229F31907}.Release|x64.Build.0 = Release|x64
		{5D82663B-8F75-4E03-842B-813229F31907}.Release|x86.ActiveCfg = Release|Win32
		{5D82663B-8F75-4E03-842B-813229F31907}.Release|x86.Build.0 = Release|Win32
	EndGlobalSection
	GlobalSection(SolutionProperties) = preSolution
		HideSolutionNode = FALSE
	EndGlobalSection
	GlobalSection(ExtensibilityGlobals) = postSolution
		SolutionGuid = {31BB13F9-206D-49B1-884A-7CE35108FDF3}
	EndGlobalSection
EndGlobal
